
Microsoft Visual Studio Solution File, Format Version 12.00
# Visual Studio Version 17
VisualStudioVersion = 17.7.34202.233
MinimumVisualStudioVersion = 10.0.40219.1
Project("{9A19103F-16F7-4668-BE54-9A1E7A4F7556}") = "projectservice", "projectservice.csproj", "{D426E4FB-495C-4525-B315-EF980C92219D}"
EndProject
Project("{2150E333-8FDC-42A3-9474-1A3956D46DE8}") = "tests", "tests", "{92F82403-FFD3-4A21-8D2D-95B4671D8E17}"
EndProject
Project("{FAE04EC0-301F-11D3-BF4B-00C04F79EFBC}") = "projectservice.unittests", "..\projectservice.unittests\projectservice.unittests.csproj", "{91BDA827-16DA-4E22-97B5-B297416DCD4C}"
EndProject
Global
	GlobalSection(SolutionConfigurationPlatforms) = preSolution
		Debug|Any CPU = Debug|Any CPU
		Release|Any CPU = Release|Any CPU
	EndGlobalSection
	GlobalSection(ProjectConfigurationPlatforms) = postSolution
		{D426E4FB-495C-4525-B315-EF980C92219D}.Debug|Any CPU.ActiveCfg = Debug|Any CPU
		{D426E4FB-495C-4525-B315-EF980C92219D}.Debug|Any CPU.Build.0 = Debug|Any CPU
		{D426E4FB-495C-4525-B315-EF980C92219D}.Release|Any CPU.ActiveCfg = Release|Any CPU
		{D426E4FB-495C-4525-B315-EF980C92219D}.Release|Any CPU.Build.0 = Release|Any CPU
		{91BDA827-16DA-4E22-97B5-B297416DCD4C}.Debug|Any CPU.ActiveCfg = Debug|Any CPU
		{91BDA827-16DA-4E22-97B5-B297416DCD4C}.Debug|Any CPU.Build.0 = Debug|Any CPU
		{91BDA827-16DA-4E22-97B5-B297416DCD4C}.Release|Any CPU.ActiveCfg = Release|Any CPU
		{91BDA827-16DA-4E22-97B5-B297416DCD4C}.Release|Any CPU.Build.0 = Release|Any CPU
	EndGlobalSection
	GlobalSection(SolutionProperties) = preSolution
		HideSolutionNode = FALSE
	EndGlobalSection
	GlobalSection(NestedProjects) = preSolution
		{91BDA827-16DA-4E22-97B5-B297416DCD4C} = {92F82403-FFD3-4A21-8D2D-95B4671D8E17}
	EndGlobalSection
	GlobalSection(ExtensibilityGlobals) = postSolution
		SolutionGuid = {9F17021C-F239-4C20-81FA-19E3BDA88A9D}
	EndGlobalSection
EndGlobal
