
Microsoft Visual Studio Solution File, Format Version 12.00
# Visual Studio Version 17
VisualStudioVersion = 17.7.34202.233
MinimumVisualStudioVersion = 10.0.40219.1
Project("{FAE04EC0-301F-11D3-BF4B-00C04F79EFBC}") = "projectservice", "projectservice.csproj", "{D426E4FB-495C-4525-B315-EF980C92219D}"
EndProject
Global
	GlobalSection(SolutionConfigurationPlatforms) = preSolution
		Debug|Any CPU = Debug|Any CPU
		Release|Any CPU = Release|Any CPU
	EndGlobalSection
	GlobalSection(ProjectConfigurationPlatforms) = postSolution
		{D426E4FB-495C-4525-B315-EF980C92219D}.Debug|Any CPU.ActiveCfg = Debug|Any CPU
		{D426E4FB-495C-4525-B315-EF980C92219D}.Debug|Any CPU.Build.0 = Debug|Any CPU
		{D426E4FB-495C-4525-B315-EF980C92219D}.Release|Any CPU.ActiveCfg = Release|Any CPU
		{D426E4FB-495C-4525-B315-EF980C92219D}.Release|Any CPU.Build.0 = Release|Any CPU
	EndGlobalSection
	GlobalSection(SolutionProperties) = preSolution
		HideSolutionNode = FALSE
	EndGlobalSection
	GlobalSection(ExtensibilityGlobals) = postSolution
		SolutionGuid = {9F17021C-F239-4C20-81FA-19E3BDA88A9D}
	EndGlobalSection
EndGlobal
